
Microsoft Visual Studio Solution File, Format Version 12.00
# Visual Studio Version 16
VisualStudioVersion = 16.0.30002.166
MinimumVisualStudioVersion = 10.0.40219.1
Project("{888888A0-9F3D-457C-B088-3A5042F75D52}") = "Dual Converter", "Dual Converter.pyproj", "{F84908FE-57D4-433D-89AC-01459A3E5AC2}"
EndProject
Global
	GlobalSection(SolutionConfigurationPlatforms) = preSolution
		Debug|Any CPU = Debug|Any CPU
		Release|Any CPU = Release|Any CPU
	EndGlobalSection
	GlobalSection(ProjectConfigurationPlatforms) = postSolution
		{F84908FE-57D4-433D-89AC-01459A3E5AC2}.Debug|Any CPU.ActiveCfg = Debug|Any CPU
		{F84908FE-57D4-433D-89AC-01459A3E5AC2}.Release|Any CPU.ActiveCfg = Release|Any CPU
	EndGlobalSection
	GlobalSection(SolutionProperties) = preSolution
		HideSolutionNode = FALSE
	EndGlobalSection
	GlobalSection(ExtensibilityGlobals) = postSolution
		SolutionGuid = {3AA592DD-4173-4048-90D8-8305DA8E8C9F}
	EndGlobalSection
EndGlobal
